// !$*UTF8*$!
{
	archiveVersion = 1;
	classes = {
	};
	objectVersion = 46;
	objects = {
/* Begin PBXBuildFile section */
		0207DA581B56EA530066E2B4 /* Images.xcassets in Resources */ = {isa = PBXBuildFile; fileRef = 0207DA571B56EA530066E2B4 /* Images.xcassets */; };
		031ACB67D89B43768565F8AA /* Polygon.m in Sources */ = {isa = PBXBuildFile; fileRef = D8212A4389BC4751A56CD39D /* Polygon.m */; };
		038AA3D05FB441CCBC59CDC3 /* QuartzCore.framework in Frameworks */ = {isa = PBXBuildFile; fileRef = A500F51F0FEE4516BBB6BBAD /* QuartzCore.framework */; };
		0C03AABAB3E64A66ABCF0906 /* GMSCoordinateBounds+Geometry.m in Sources */ = {isa = PBXBuildFile; fileRef = C44A486F713B42548CE4763A /* GMSCoordinateBounds+Geometry.m */; };
		106267EA0F6A494191B7940B /* GoogleMaps.framework in Frameworks */ = {isa = PBXBuildFile; fileRef = 3B4CFCB082EA402A809F92EF /* GoogleMaps.framework */; };
		173F4311E7364888B09E55BA /* GoogleMapsViewController.m in Sources */ = {isa = PBXBuildFile; fileRef = 00963E4DC45343B9A263660E /* GoogleMapsViewController.m */; };
		1A55347A7A2F4D7CA1DD95F9 /* PluginUtil.m in Sources */ = {isa = PBXBuildFile; fileRef = 4A3B751C3ECD441EB578D9F4 /* PluginUtil.m */; };
		1A79148A8C9F472383D64CAD /* Accelerate.framework in Frameworks */ = {isa = PBXBuildFile; fileRef = 8BDB26E0B2F342F8B522145F /* Accelerate.framework */; };
		1CBBDDF043D445A998AF9D38 /* Polyline.m in Sources */ = {isa = PBXBuildFile; fileRef = 328E489F497E4567AA61C3F8 /* Polyline.m */; };
		1D3623260D0F684500981E51 /* AppDelegate.m in Sources */ = {isa = PBXBuildFile; fileRef = 1D3623250D0F684500981E51 /* AppDelegate.m */; };
		1D60589B0D05DD56006BFB54 /* main.m in Sources */ = {isa = PBXBuildFile; fileRef = 29B97316FDCFA39411CA2CEA /* main.m */; };
		2A77D25A6C0C432D81C9CCFB /* GoogleMaps.m in Sources */ = {isa = PBXBuildFile; fileRef = 3350F54517F841CF9588AD90 /* GoogleMaps.m */; };
		301BF552109A68D80062928A /* libCordova.a in Frameworks */ = {isa = PBXBuildFile; fileRef = 301BF535109A57CC0062928A /* libCordova.a */; };
		302D95F114D2391D003F00A1 /* MainViewController.m in Sources */ = {isa = PBXBuildFile; fileRef = 302D95EF14D2391D003F00A1 /* MainViewController.m */; };
		302D95F214D2391D003F00A1 /* MainViewController.xib in Resources */ = {isa = PBXBuildFile; fileRef = 302D95F014D2391D003F00A1 /* MainViewController.xib */; };
		35BEC760DE414CF28DD6958C /* MyPluginLayer.m in Sources */ = {isa = PBXBuildFile; fileRef = E26EE673F329450E93D845AC /* MyPluginLayer.m */; };
		39902612A2B943F58164AC58 /* TBXML.m in Sources */ = {isa = PBXBuildFile; fileRef = E3B688F071434EFCB42F0689 /* TBXML.m */; };
		4152CF9EC07C493A8B0817C8 /* GLKit.framework in Frameworks */ = {isa = PBXBuildFile; fileRef = 5A0EC90D9CED476A8720ABED /* GLKit.framework */; };
		4E0644E0EBA14E30853B201B /* KmlOverlay.m in Sources */ = {isa = PBXBuildFile; fileRef = 5A9BE0FC56F04887A0818AA5 /* KmlOverlay.m */; };
		53CFD877E0F8420EA9EC83A4 /* KeychainWrapper.m in Sources */ = {isa = PBXBuildFile; fileRef = 3104415023654A9B891011BE /* KeychainWrapper.m */; };
		59076DF5EF74453ABD8D41E3 /* OpenGLES.framework in Frameworks */ = {isa = PBXBuildFile; fileRef = 7259AEC38FBA4349B8DC99DA /* OpenGLES.framework */; };
		5D9FCC95285A4310945BCA9A /* CoreData.framework in Frameworks */ = {isa = PBXBuildFile; fileRef = 784FDDB35DF446C8AB9EAA64 /* CoreData.framework */; };
		5DB643DC388443108663DDF4 /* libz.tbd in Frameworks */ = {isa = PBXBuildFile; fileRef = 13D6C8ED5C524F66924F836C /* libz.tbd */; };
		64CD3F7662F84750984274B5 /* TileOverlay.m in Sources */ = {isa = PBXBuildFile; fileRef = F3D7995151784A728E539E12 /* TileOverlay.m */; };
		6AFF5BF91D6E424B00AB3073 /* CDVLaunchScreen.storyboard in Resources */ = {isa = PBXBuildFile; fileRef = 6AFF5BF81D6E424B00AB3073 /* CDVLaunchScreen.storyboard */; };
		73B727CCBC7A4FEB93F50138 /* External.m in Sources */ = {isa = PBXBuildFile; fileRef = 4B005E1123B945F49CFB23CF /* External.m */; };
		764A11A4642C45039DEB7237 /* GroundOverlay.m in Sources */ = {isa = PBXBuildFile; fileRef = 6FB9F02CE96144BD98004397 /* GroundOverlay.m */; };
		7C510E50B4E044CCAB92E60F /* Marker.m in Sources */ = {isa = PBXBuildFile; fileRef = B810F203B917439B86BBADC1 /* Marker.m */; };
		857D4930CF7E445897DF5C40 /* CDVStatusBar.m in Sources */ = {isa = PBXBuildFile; fileRef = 90FD1DA17EA24F2AA8BB387D /* CDVStatusBar.m */; };
		8D59B02478014C6B9C39E9FE /* TouchID.m in Sources */ = {isa = PBXBuildFile; fileRef = 8162DD5D3BC448A5AEAC7D77 /* TouchID.m */; };
		922C79996276404F93738166 /* libc++.tbd in Frameworks */ = {isa = PBXBuildFile; fileRef = DD316F3A3DB5421A92B7B09D /* libc++.tbd */; };
		948B183CD3A64C918AB851EB /* GoogleMapsBase.framework in Frameworks */ = {isa = PBXBuildFile; fileRef = A3AAB5A7FC674209A0A367FB /* GoogleMapsBase.framework */; };
		9B04D6A06E8E4BFF86D9D4CF /* GoogleMapsCore.framework in Frameworks */ = {isa = PBXBuildFile; fileRef = EEE351A201BD40EE9D995CC8 /* GoogleMapsCore.framework */; };
		A2FA9909780F4165A8EFD177 /* GoogleMaps.bundle in Resources */ = {isa = PBXBuildFile; fileRef = 0498CF640D394A86B3FD2D3E /* GoogleMaps.bundle */; };
		AAB578CBDB054A149BABD8B8 /* CoreLocation.framework in Frameworks */ = {isa = PBXBuildFile; fileRef = BBB53D2E7D2540F2B0F0C042 /* CoreLocation.framework */; };
		B17C4F04B3D447B6B7415341 /* MyReachability.m in Sources */ = {isa = PBXBuildFile; fileRef = DCDDFCD76F6342C183C4DB06 /* MyReachability.m */; };
		B38D7C250D704B43A17ECCB2 /* Circle.m in Sources */ = {isa = PBXBuildFile; fileRef = FF3C48D55AEE420DBF9B308A /* Circle.m */; };
		B50C043FF78A4DC4BBC8468A /* ImageIO.framework in Frameworks */ = {isa = PBXBuildFile; fileRef = 332352ADD1CB49DE9C4D3C21 /* ImageIO.framework */; };
		BA34FEBFE15F4C4B98AF6E68 /* CoreText.framework in Frameworks */ = {isa = PBXBuildFile; fileRef = FC91B1EA271341C2BFDA2F61 /* CoreText.framework */; };
		BEA77C2D66F2473C86241462 /* UIKit.framework in Frameworks */ = {isa = PBXBuildFile; fileRef = A8B47F712DBA4FFCAD8385EC /* UIKit.framework */; };
		C27FEF61E500417B9DD2EDD9 /* Security.framework in Frameworks */ = {isa = PBXBuildFile; fileRef = 7124C44209064AEAA9A45CDC /* Security.framework */; };
		D471DF7352C649B9AF6AB4DC /* LocalAuthentication.framework in Frameworks */ = {isa = PBXBuildFile; fileRef = 818B39AC9E4A42B488B42294 /* LocalAuthentication.framework */; };
		D4993C82BC3E441DBF614D07 /* MyPluginScrollView.m in Sources */ = {isa = PBXBuildFile; fileRef = 3DD7F3AB00074CCFBA8AA24B /* MyPluginScrollView.m */; };
		D6F769B37581432C8A88884C /* Map.m in Sources */ = {isa = PBXBuildFile; fileRef = 758D8093A28249C4AB5C9F65 /* Map.m */; };
		E0E560C0BB6F423DAF8C273F /* Foundation.framework in Frameworks */ = {isa = PBXBuildFile; fileRef = 243793529765445E88FFC3EF /* Foundation.framework */; };
		E5E8BEF4518C43E2A28886BD /* Geocoder.m in Sources */ = {isa = PBXBuildFile; fileRef = 5BD833A4E3124DA29F87E5C3 /* Geocoder.m */; };
		EAC58C2080AD48F08BC281A5 /* MyPluginLayerDebugView.m in Sources */ = {isa = PBXBuildFile; fileRef = C4D335D2E6AD4C71862345A9 /* MyPluginLayerDebugView.m */; };
		FC8C1CA4E3F843B3A83EEFC4 /* SystemConfiguration.framework in Frameworks */ = {isa = PBXBuildFile; fileRef = 0E6C171D084E44A1BD78D8BA /* SystemConfiguration.framework */; };
		FC8F13B3E74045BD8AB0F0A8 /* NSData+Base64.m in Sources */ = {isa = PBXBuildFile; fileRef = 538A0FFB647440849060C571 /* NSData+Base64.m */; };
		C39D6A4039E9428FA7C2B991 /* CDVDevice.m in Sources */ = {isa = PBXBuildFile; fileRef = 97717644BD774F66B21CF78F /* CDVDevice.m */; };
		A11EE24426F641BD82291C31 /* AppDelegate+APPAppEvent.m in Sources */ = {isa = PBXBuildFile; fileRef = 960B44169E134D0D98DFCE61 /* AppDelegate+APPAppEvent.m */; };
		891A53FBAD93442382B0F0EB /* CDVPlugin+APPAppEvent.m in Sources */ = {isa = PBXBuildFile; fileRef = 2C87CD066F854C1D93A1061A /* CDVPlugin+APPAppEvent.m */; };
		DF9120021A8E4FBA8B85A12E /* APPLocalNotification.m in Sources */ = {isa = PBXBuildFile; fileRef = 3A4696B2F9474798AE46021B /* APPLocalNotification.m */; };
		A2314AD668994A5A958AD114 /* APPLocalNotificationOptions.m in Sources */ = {isa = PBXBuildFile; fileRef = 99DE84073AF14E8ABE7A2088 /* APPLocalNotificationOptions.m */; };
		29FC47946DCC4975AED3B794 /* UIApplication+APPLocalNotification.m in Sources */ = {isa = PBXBuildFile; fileRef = A97706A17416437E8758EE9D /* UIApplication+APPLocalNotification.m */; };
		B87C51D28B214D07A9B201DC /* UILocalNotification+APPLocalNotification.m in Sources */ = {isa = PBXBuildFile; fileRef = BCAD5E2831FE45048FE63399 /* UILocalNotification+APPLocalNotification.m */; };
/* End PBXBuildFile section */

/* Begin PBXContainerItemProxy section */
		301BF534109A57CC0062928A /* PBXContainerItemProxy */ = {
			isa = PBXContainerItemProxy;
			containerPortal = 301BF52D109A57CC0062928A /* CordovaLib.xcodeproj */;
			proxyType = 2;
			remoteGlobalIDString = D2AAC07E0554694100DB518D;
			remoteInfo = CordovaLib;
		};
		301BF550109A68C00062928A /* PBXContainerItemProxy */ = {
			isa = PBXContainerItemProxy;
			containerPortal = 301BF52D109A57CC0062928A /* CordovaLib.xcodeproj */;
			proxyType = 1;
			remoteGlobalIDString = D2AAC07D0554694100DB518D;
			remoteInfo = CordovaLib;
		};
/* End PBXContainerItemProxy section */

/* Begin PBXFileReference section */
		00963E4DC45343B9A263660E /* GoogleMapsViewController.m */ = {isa = PBXFileReference; explicitFileType = undefined; fileEncoding = 4; includeInIndex = 0; lastKnownFileType = sourcecode.c.objc; name = GoogleMapsViewController.m; path = "cordova-plugin-googlemaps/GoogleMapsViewController.m"; sourceTree = "<group>"; };
		0207DA571B56EA530066E2B4 /* Images.xcassets */ = {isa = PBXFileReference; lastKnownFileType = folder.assetcatalog; name = Images.xcassets; path = "VAWE-App/Images.xcassets"; sourceTree = SOURCE_ROOT; };
		0498CF640D394A86B3FD2D3E /* GoogleMaps.bundle */ = {isa = PBXFileReference; explicitFileType = undefined; fileEncoding = 9; includeInIndex = 0; lastKnownFileType = "wrapper.plug-in"; path = GoogleMaps.bundle; sourceTree = "<group>"; };
		0E6C171D084E44A1BD78D8BA /* SystemConfiguration.framework */ = {isa = PBXFileReference; explicitFileType = undefined; fileEncoding = 9; includeInIndex = 0; lastKnownFileType = wrapper.framework; name = SystemConfiguration.framework; path = System/Library/Frameworks/SystemConfiguration.framework; sourceTree = SDKROOT; };
		13D6C8ED5C524F66924F836C /* libz.tbd */ = {isa = PBXFileReference; explicitFileType = undefined; fileEncoding = 9; includeInIndex = 0; lastKnownFileType = "sourcecode.text-based-dylib-definition"; name = libz.tbd; path = usr/lib/libz.tbd; sourceTree = SDKROOT; };
		1C6C763768B148D9B636EB68 /* MyPluginLayer.h */ = {isa = PBXFileReference; explicitFileType = undefined; fileEncoding = 4; includeInIndex = 0; lastKnownFileType = sourcecode.c.h; name = MyPluginLayer.h; path = "cordova-plugin-googlemaps/MyPluginLayer.h"; sourceTree = "<group>"; };
		1D3623240D0F684500981E51 /* AppDelegate.h */ = {isa = PBXFileReference; fileEncoding = 4; lastKnownFileType = sourcecode.c.h; path = AppDelegate.h; sourceTree = "<group>"; };
		1D3623250D0F684500981E51 /* AppDelegate.m */ = {isa = PBXFileReference; fileEncoding = 4; lastKnownFileType = sourcecode.c.objc; path = AppDelegate.m; sourceTree = "<group>"; };
		1D6058910D05DD3D006BFB54 /* VAWE-App.app */ = {isa = PBXFileReference; explicitFileType = wrapper.application; includeInIndex = 0; path = "VAWE-App.app"; sourceTree = BUILT_PRODUCTS_DIR; };
		230D63EEBFE34BB297C331FD /* TileOverlay.h */ = {isa = PBXFileReference; explicitFileType = undefined; fileEncoding = 4; includeInIndex = 0; lastKnownFileType = sourcecode.c.h; name = TileOverlay.h; path = "cordova-plugin-googlemaps/TileOverlay.h"; sourceTree = "<group>"; };
		243793529765445E88FFC3EF /* Foundation.framework */ = {isa = PBXFileReference; explicitFileType = undefined; fileEncoding = 9; includeInIndex = 0; lastKnownFileType = wrapper.framework; name = Foundation.framework; path = System/Library/Frameworks/Foundation.framework; sourceTree = SDKROOT; };
		2668ADD1679E4FDEA15DDF50 /* MyPlgunProtocol.h */ = {isa = PBXFileReference; explicitFileType = undefined; fileEncoding = 4; includeInIndex = 0; lastKnownFileType = sourcecode.c.h; name = MyPlgunProtocol.h; path = "cordova-plugin-googlemaps/MyPlgunProtocol.h"; sourceTree = "<group>"; };
		295C2F88805449A1B15A41F9 /* GoogleMaps.h */ = {isa = PBXFileReference; explicitFileType = undefined; fileEncoding = 4; includeInIndex = 0; lastKnownFileType = sourcecode.c.h; name = GoogleMaps.h; path = "cordova-plugin-googlemaps/GoogleMaps.h"; sourceTree = "<group>"; };
		29B97316FDCFA39411CA2CEA /* main.m */ = {isa = PBXFileReference; fileEncoding = 4; lastKnownFileType = sourcecode.c.objc; path = main.m; sourceTree = "<group>"; };
		301BF52D109A57CC0062928A /* CordovaLib.xcodeproj */ = {isa = PBXFileReference; lastKnownFileType = "wrapper.pb-project"; name = CordovaLib.xcodeproj; path = CordovaLib/CordovaLib.xcodeproj; sourceTree = "<group>"; };
		301BF56E109A69640062928A /* www */ = {isa = PBXFileReference; lastKnownFileType = folder; path = www; sourceTree = SOURCE_ROOT; };
		302D95EE14D2391D003F00A1 /* MainViewController.h */ = {isa = PBXFileReference; fileEncoding = 4; lastKnownFileType = sourcecode.c.h; path = MainViewController.h; sourceTree = "<group>"; };
		302D95EF14D2391D003F00A1 /* MainViewController.m */ = {isa = PBXFileReference; fileEncoding = 4; lastKnownFileType = sourcecode.c.objc; path = MainViewController.m; sourceTree = "<group>"; };
		302D95F014D2391D003F00A1 /* MainViewController.xib */ = {isa = PBXFileReference; fileEncoding = 4; lastKnownFileType = file.xib; path = MainViewController.xib; sourceTree = "<group>"; };
		3047A50F1AB8059700498E2A /* build-debug.xcconfig */ = {isa = PBXFileReference; fileEncoding = 4; lastKnownFileType = text.xcconfig; name = "build-debug.xcconfig"; path = "cordova/build-debug.xcconfig"; sourceTree = SOURCE_ROOT; };
		3047A5101AB8059700498E2A /* build-release.xcconfig */ = {isa = PBXFileReference; fileEncoding = 4; lastKnownFileType = text.xcconfig; name = "build-release.xcconfig"; path = "cordova/build-release.xcconfig"; sourceTree = SOURCE_ROOT; };
		3047A5111AB8059700498E2A /* build.xcconfig */ = {isa = PBXFileReference; fileEncoding = 4; lastKnownFileType = text.xcconfig; name = build.xcconfig; path = cordova/build.xcconfig; sourceTree = SOURCE_ROOT; };
		3104415023654A9B891011BE /* KeychainWrapper.m */ = {isa = PBXFileReference; explicitFileType = undefined; fileEncoding = 4; includeInIndex = 0; lastKnownFileType = sourcecode.c.objc; name = KeychainWrapper.m; path = "cordova-plugin-keychain-touch-id/KeychainWrapper.m"; sourceTree = "<group>"; };
		328E489F497E4567AA61C3F8 /* Polyline.m */ = {isa = PBXFileReference; explicitFileType = undefined; fileEncoding = 4; includeInIndex = 0; lastKnownFileType = sourcecode.c.objc; name = Polyline.m; path = "cordova-plugin-googlemaps/Polyline.m"; sourceTree = "<group>"; };
		32CA4F630368D1EE00C91783 /* VAWE-App-Prefix.pch */ = {isa = PBXFileReference; fileEncoding = 4; lastKnownFileType = sourcecode.c.h; path = "VAWE-App-Prefix.pch"; sourceTree = "<group>"; };
		332352ADD1CB49DE9C4D3C21 /* ImageIO.framework */ = {isa = PBXFileReference; explicitFileType = undefined; fileEncoding = 9; includeInIndex = 0; lastKnownFileType = wrapper.framework; name = ImageIO.framework; path = System/Library/Frameworks/ImageIO.framework; sourceTree = SDKROOT; };
		3350F54517F841CF9588AD90 /* GoogleMaps.m */ = {isa = PBXFileReference; explicitFileType = undefined; fileEncoding = 4; includeInIndex = 0; lastKnownFileType = sourcecode.c.objc; name = GoogleMaps.m; path = "cordova-plugin-googlemaps/GoogleMaps.m"; sourceTree = "<group>"; };
		351FAC3FC4DE4E34AD4AEFA0 /* MyPluginLayerDebugView.h */ = {isa = PBXFileReference; explicitFileType = undefined; fileEncoding = 4; includeInIndex = 0; lastKnownFileType = sourcecode.c.h; name = MyPluginLayerDebugView.h; path = "cordova-plugin-googlemaps/MyPluginLayerDebugView.h"; sourceTree = "<group>"; };
		3522FFCAD24948B782228059 /* GoogleMapsViewController.h */ = {isa = PBXFileReference; explicitFileType = undefined; fileEncoding = 4; includeInIndex = 0; lastKnownFileType = sourcecode.c.h; name = GoogleMapsViewController.h; path = "cordova-plugin-googlemaps/GoogleMapsViewController.h"; sourceTree = "<group>"; };
		37A0B0B634544F929648C2F3 /* MyReachability.h */ = {isa = PBXFileReference; explicitFileType = undefined; fileEncoding = 4; includeInIndex = 0; lastKnownFileType = sourcecode.c.h; name = MyReachability.h; path = "cordova-plugin-googlemaps/MyReachability.h"; sourceTree = "<group>"; };
		3B4CFCB082EA402A809F92EF /* GoogleMaps.framework */ = {isa = PBXFileReference; explicitFileType = undefined; fileEncoding = 9; includeInIndex = 0; lastKnownFileType = wrapper.framework; name = GoogleMaps.framework; path = "VAWE-App/Plugins/com.googlemaps.ios/GoogleMaps.framework"; sourceTree = "<group>"; };
		3DD7F3AB00074CCFBA8AA24B /* MyPluginScrollView.m */ = {isa = PBXFileReference; explicitFileType = undefined; fileEncoding = 4; includeInIndex = 0; lastKnownFileType = sourcecode.c.objc; name = MyPluginScrollView.m; path = "cordova-plugin-googlemaps/MyPluginScrollView.m"; sourceTree = "<group>"; };
		4A3B751C3ECD441EB578D9F4 /* PluginUtil.m */ = {isa = PBXFileReference; explicitFileType = undefined; fileEncoding = 4; includeInIndex = 0; lastKnownFileType = sourcecode.c.objc; name = PluginUtil.m; path = "cordova-plugin-googlemaps/PluginUtil.m"; sourceTree = "<group>"; };
		4B005E1123B945F49CFB23CF /* External.m */ = {isa = PBXFileReference; explicitFileType = undefined; fileEncoding = 4; includeInIndex = 0; lastKnownFileType = sourcecode.c.objc; name = External.m; path = "cordova-plugin-googlemaps/External.m"; sourceTree = "<group>"; };
		4C51B21AEE0B495CB717D4A9 /* PluginUtil.h */ = {isa = PBXFileReference; explicitFileType = undefined; fileEncoding = 4; includeInIndex = 0; lastKnownFileType = sourcecode.c.h; name = PluginUtil.h; path = "cordova-plugin-googlemaps/PluginUtil.h"; sourceTree = "<group>"; };
		4FB19C2DBD71433D944C95B7 /* Polygon.h */ = {isa = PBXFileReference; explicitFileType = undefined; fileEncoding = 4; includeInIndex = 0; lastKnownFileType = sourcecode.c.h; name = Polygon.h; path = "cordova-plugin-googlemaps/Polygon.h"; sourceTree = "<group>"; };
		538A0FFB647440849060C571 /* NSData+Base64.m */ = {isa = PBXFileReference; explicitFileType = undefined; fileEncoding = 4; includeInIndex = 0; lastKnownFileType = sourcecode.c.objc; name = "NSData+Base64.m"; path = "cordova-plugin-googlemaps/NSData+Base64.m"; sourceTree = "<group>"; };
		5A0EC90D9CED476A8720ABED /* GLKit.framework */ = {isa = PBXFileReference; explicitFileType = undefined; fileEncoding = 9; includeInIndex = 0; lastKnownFileType = wrapper.framework; name = GLKit.framework; path = System/Library/Frameworks/GLKit.framework; sourceTree = SDKROOT; };
		5A9BE0FC56F04887A0818AA5 /* KmlOverlay.m */ = {isa = PBXFileReference; explicitFileType = undefined; fileEncoding = 4; includeInIndex = 0; lastKnownFileType = sourcecode.c.objc; name = KmlOverlay.m; path = "cordova-plugin-googlemaps/KmlOverlay.m"; sourceTree = "<group>"; };
		5BD833A4E3124DA29F87E5C3 /* Geocoder.m */ = {isa = PBXFileReference; explicitFileType = undefined; fileEncoding = 4; includeInIndex = 0; lastKnownFileType = sourcecode.c.objc; name = Geocoder.m; path = "cordova-plugin-googlemaps/Geocoder.m"; sourceTree = "<group>"; };
		5C3C6A8CD13A412797F48234 /* TouchID.h */ = {isa = PBXFileReference; explicitFileType = undefined; fileEncoding = 4; includeInIndex = 0; lastKnownFileType = sourcecode.c.h; name = TouchID.h; path = "cordova-plugin-keychain-touch-id/TouchID.h"; sourceTree = "<group>"; };
		6030F6BB103F4FE1BF2725E5 /* NSData+Base64.podspec */ = {isa = PBXFileReference; explicitFileType = undefined; fileEncoding = 9; includeInIndex = 0; lastKnownFileType = unknown; name = "NSData+Base64.podspec"; path = "cordova-plugin-googlemaps/NSData+Base64.podspec"; sourceTree = "<group>"; };
		6053E38ED0E147BB8D9BF9FC /* GroundOverlay.h */ = {isa = PBXFileReference; explicitFileType = undefined; fileEncoding = 4; includeInIndex = 0; lastKnownFileType = sourcecode.c.h; name = GroundOverlay.h; path = "cordova-plugin-googlemaps/GroundOverlay.h"; sourceTree = "<group>"; };
		6A5EF84A7F764AD795CB2EE7 /* Marker.h */ = {isa = PBXFileReference; explicitFileType = undefined; fileEncoding = 4; includeInIndex = 0; lastKnownFileType = sourcecode.c.h; name = Marker.h; path = "cordova-plugin-googlemaps/Marker.h"; sourceTree = "<group>"; };
		6AFF5BF81D6E424B00AB3073 /* CDVLaunchScreen.storyboard */ = {isa = PBXFileReference; fileEncoding = 4; lastKnownFileType = file.storyboard; name = CDVLaunchScreen.storyboard; path = "VAWE-App/CDVLaunchScreen.storyboard"; sourceTree = SOURCE_ROOT; };
		6FB9F02CE96144BD98004397 /* GroundOverlay.m */ = {isa = PBXFileReference; explicitFileType = undefined; fileEncoding = 4; includeInIndex = 0; lastKnownFileType = sourcecode.c.objc; name = GroundOverlay.m; path = "cordova-plugin-googlemaps/GroundOverlay.m"; sourceTree = "<group>"; };
		7124C44209064AEAA9A45CDC /* Security.framework */ = {isa = PBXFileReference; explicitFileType = undefined; fileEncoding = 9; includeInIndex = 0; lastKnownFileType = wrapper.framework; name = Security.framework; path = System/Library/Frameworks/Security.framework; sourceTree = SDKROOT; };
		7259AEC38FBA4349B8DC99DA /* OpenGLES.framework */ = {isa = PBXFileReference; explicitFileType = undefined; fileEncoding = 9; includeInIndex = 0; lastKnownFileType = wrapper.framework; name = OpenGLES.framework; path = System/Library/Frameworks/OpenGLES.framework; sourceTree = SDKROOT; };
		758D8093A28249C4AB5C9F65 /* Map.m */ = {isa = PBXFileReference; explicitFileType = undefined; fileEncoding = 4; includeInIndex = 0; lastKnownFileType = sourcecode.c.objc; name = Map.m; path = "cordova-plugin-googlemaps/Map.m"; sourceTree = "<group>"; };
		784FDDB35DF446C8AB9EAA64 /* CoreData.framework */ = {isa = PBXFileReference; explicitFileType = undefined; fileEncoding = 9; includeInIndex = 0; lastKnownFileType = wrapper.framework; name = CoreData.framework; path = System/Library/Frameworks/CoreData.framework; sourceTree = SDKROOT; };
		8162DD5D3BC448A5AEAC7D77 /* TouchID.m */ = {isa = PBXFileReference; explicitFileType = undefined; fileEncoding = 4; includeInIndex = 0; lastKnownFileType = sourcecode.c.objc; name = TouchID.m; path = "cordova-plugin-keychain-touch-id/TouchID.m"; sourceTree = "<group>"; };
		818B39AC9E4A42B488B42294 /* LocalAuthentication.framework */ = {isa = PBXFileReference; explicitFileType = undefined; fileEncoding = 9; includeInIndex = 0; lastKnownFileType = wrapper.framework; name = LocalAuthentication.framework; path = System/Library/Frameworks/LocalAuthentication.framework; sourceTree = SDKROOT; };
		8881134CAF9149D2AF7D5E29 /* TBXML.h */ = {isa = PBXFileReference; explicitFileType = undefined; fileEncoding = 4; includeInIndex = 0; lastKnownFileType = sourcecode.c.h; name = TBXML.h; path = "cordova-plugin-googlemaps/TBXML.h"; sourceTree = "<group>"; };
		8A050D6521A04EDF946F1C30 /* Map.h */ = {isa = PBXFileReference; explicitFileType = undefined; fileEncoding = 4; includeInIndex = 0; lastKnownFileType = sourcecode.c.h; name = Map.h; path = "cordova-plugin-googlemaps/Map.h"; sourceTree = "<group>"; };
		8BDB26E0B2F342F8B522145F /* Accelerate.framework */ = {isa = PBXFileReference; explicitFileType = undefined; fileEncoding = 9; includeInIndex = 0; lastKnownFileType = wrapper.framework; name = Accelerate.framework; path = System/Library/Frameworks/Accelerate.framework; sourceTree = SDKROOT; };
		8D1107310486CEB800E47090 /* VAWE-App-Info.plist */ = {isa = PBXFileReference; fileEncoding = 4; lastKnownFileType = text.plist.xml; name = "VAWE-App-Info.plist"; path = "VAWE-App/VAWE-App-Info.plist"; plistStructureDefinitionIdentifier = "com.apple.xcode.plist.structure-definition.iphone.info-plist"; sourceTree = SOURCE_ROOT; };
		90FD1DA17EA24F2AA8BB387D /* CDVStatusBar.m */ = {isa = PBXFileReference; explicitFileType = undefined; fileEncoding = 4; includeInIndex = 0; lastKnownFileType = sourcecode.c.objc; name = CDVStatusBar.m; path = "cordova-plugin-statusbar/CDVStatusBar.m"; sourceTree = "<group>"; };
		A3AAB5A7FC674209A0A367FB /* GoogleMapsBase.framework */ = {isa = PBXFileReference; explicitFileType = undefined; fileEncoding = 9; includeInIndex = 0; lastKnownFileType = wrapper.framework; name = GoogleMapsBase.framework; path = "VAWE-App/Plugins/com.googlemaps.ios/GoogleMapsBase.framework"; sourceTree = "<group>"; };
		A500F51F0FEE4516BBB6BBAD /* QuartzCore.framework */ = {isa = PBXFileReference; explicitFileType = undefined; fileEncoding = 9; includeInIndex = 0; lastKnownFileType = wrapper.framework; name = QuartzCore.framework; path = System/Library/Frameworks/QuartzCore.framework; sourceTree = SDKROOT; };
		A8B47F712DBA4FFCAD8385EC /* UIKit.framework */ = {isa = PBXFileReference; explicitFileType = undefined; fileEncoding = 9; includeInIndex = 0; lastKnownFileType = wrapper.framework; name = UIKit.framework; path = System/Library/Frameworks/UIKit.framework; sourceTree = SDKROOT; };
		B387AECB013544358DFEEE0A /* NSData+Base64.h */ = {isa = PBXFileReference; explicitFileType = undefined; fileEncoding = 4; includeInIndex = 0; lastKnownFileType = sourcecode.c.h; name = "NSData+Base64.h"; path = "cordova-plugin-googlemaps/NSData+Base64.h"; sourceTree = "<group>"; };
		B810F203B917439B86BBADC1 /* Marker.m */ = {isa = PBXFileReference; explicitFileType = undefined; fileEncoding = 4; includeInIndex = 0; lastKnownFileType = sourcecode.c.objc; name = Marker.m; path = "cordova-plugin-googlemaps/Marker.m"; sourceTree = "<group>"; };
		BBB53D2E7D2540F2B0F0C042 /* CoreLocation.framework */ = {isa = PBXFileReference; explicitFileType = undefined; fileEncoding = 9; includeInIndex = 0; lastKnownFileType = wrapper.framework; name = CoreLocation.framework; path = System/Library/Frameworks/CoreLocation.framework; sourceTree = SDKROOT; };
		C040868521D648B69FD7919E /* Circle.h */ = {isa = PBXFileReference; explicitFileType = undefined; fileEncoding = 4; includeInIndex = 0; lastKnownFileType = sourcecode.c.h; name = Circle.h; path = "cordova-plugin-googlemaps/Circle.h"; sourceTree = "<group>"; };
		C44A486F713B42548CE4763A /* GMSCoordinateBounds+Geometry.m */ = {isa = PBXFileReference; explicitFileType = undefined; fileEncoding = 4; includeInIndex = 0; lastKnownFileType = sourcecode.c.objc; name = "GMSCoordinateBounds+Geometry.m"; path = "cordova-plugin-googlemaps/GMSCoordinateBounds+Geometry.m"; sourceTree = "<group>"; };
		C4D335D2E6AD4C71862345A9 /* MyPluginLayerDebugView.m */ = {isa = PBXFileReference; explicitFileType = undefined; fileEncoding = 4; includeInIndex = 0; lastKnownFileType = sourcecode.c.objc; name = MyPluginLayerDebugView.m; path = "cordova-plugin-googlemaps/MyPluginLayerDebugView.m"; sourceTree = "<group>"; };
		CDD3D80578424BF69E21AB92 /* Geocoder.h */ = {isa = PBXFileReference; explicitFileType = undefined; fileEncoding = 4; includeInIndex = 0; lastKnownFileType = sourcecode.c.h; name = Geocoder.h; path = "cordova-plugin-googlemaps/Geocoder.h"; sourceTree = "<group>"; };
		D8212A4389BC4751A56CD39D /* Polygon.m */ = {isa = PBXFileReference; explicitFileType = undefined; fileEncoding = 4; includeInIndex = 0; lastKnownFileType = sourcecode.c.objc; name = Polygon.m; path = "cordova-plugin-googlemaps/Polygon.m"; sourceTree = "<group>"; };
		D84DF23845C84203B515C8C0 /* KeychainWrapper.h */ = {isa = PBXFileReference; explicitFileType = undefined; fileEncoding = 4; includeInIndex = 0; lastKnownFileType = sourcecode.c.h; name = KeychainWrapper.h; path = "cordova-plugin-keychain-touch-id/KeychainWrapper.h"; sourceTree = "<group>"; };
		DCDDFCD76F6342C183C4DB06 /* MyReachability.m */ = {isa = PBXFileReference; explicitFileType = undefined; fileEncoding = 4; includeInIndex = 0; lastKnownFileType = sourcecode.c.objc; name = MyReachability.m; path = "cordova-plugin-googlemaps/MyReachability.m"; sourceTree = "<group>"; };
		DD316F3A3DB5421A92B7B09D /* libc++.tbd */ = {isa = PBXFileReference; explicitFileType = undefined; fileEncoding = 9; includeInIndex = 0; lastKnownFileType = "sourcecode.text-based-dylib-definition"; name = "libc++.tbd"; path = "usr/lib/libc++.tbd"; sourceTree = SDKROOT; };
		DDBC255FA282439980CDF488 /* Polyline.h */ = {isa = PBXFileReference; explicitFileType = undefined; fileEncoding = 4; includeInIndex = 0; lastKnownFileType = sourcecode.c.h; name = Polyline.h; path = "cordova-plugin-googlemaps/Polyline.h"; sourceTree = "<group>"; };
		E26EE673F329450E93D845AC /* MyPluginLayer.m */ = {isa = PBXFileReference; explicitFileType = undefined; fileEncoding = 4; includeInIndex = 0; lastKnownFileType = sourcecode.c.objc; name = MyPluginLayer.m; path = "cordova-plugin-googlemaps/MyPluginLayer.m"; sourceTree = "<group>"; };
		E3B688F071434EFCB42F0689 /* TBXML.m */ = {isa = PBXFileReference; explicitFileType = undefined; fileEncoding = 4; includeInIndex = 0; lastKnownFileType = sourcecode.c.objc; name = TBXML.m; path = "cordova-plugin-googlemaps/TBXML.m"; sourceTree = "<group>"; };
		E3E4976F7CFB4D9CB32066A7 /* KmlOverlay.h */ = {isa = PBXFileReference; explicitFileType = undefined; fileEncoding = 4; includeInIndex = 0; lastKnownFileType = sourcecode.c.h; name = KmlOverlay.h; path = "cordova-plugin-googlemaps/KmlOverlay.h"; sourceTree = "<group>"; };
		E6A46197DF804C6083A135D9 /* External.h */ = {isa = PBXFileReference; explicitFileType = undefined; fileEncoding = 4; includeInIndex = 0; lastKnownFileType = sourcecode.c.h; name = External.h; path = "cordova-plugin-googlemaps/External.h"; sourceTree = "<group>"; };
		EB87FDF31871DA8E0020F90C /* www */ = {isa = PBXFileReference; lastKnownFileType = folder; name = www; path = ../../www; sourceTree = "<group>"; };
		EB87FDF41871DAF40020F90C /* config.xml */ = {isa = PBXFileReference; lastKnownFileType = text.xml; name = config.xml; path = ../../config.xml; sourceTree = "<group>"; };
		ED33DF2A687741AEAF9F8254 /* Bridging-Header.h */ = {isa = PBXFileReference; fileEncoding = 4; lastKnownFileType = sourcecode.c.h; path = "Bridging-Header.h"; sourceTree = "<group>"; };
		ED66E4E210044FD1AF467CF5 /* GMSCoordinateBounds+Geometry.h */ = {isa = PBXFileReference; explicitFileType = undefined; fileEncoding = 4; includeInIndex = 0; lastKnownFileType = sourcecode.c.h; name = "GMSCoordinateBounds+Geometry.h"; path = "cordova-plugin-googlemaps/GMSCoordinateBounds+Geometry.h"; sourceTree = "<group>"; };
		EDCD6D6F9C0A413FABA3C082 /* CDVStatusBar.h */ = {isa = PBXFileReference; explicitFileType = undefined; fileEncoding = 4; includeInIndex = 0; lastKnownFileType = sourcecode.c.h; name = CDVStatusBar.h; path = "cordova-plugin-statusbar/CDVStatusBar.h"; sourceTree = "<group>"; };
		EDE446FA3167479FAAC391C3 /* MyPluginScrollView.h */ = {isa = PBXFileReference; explicitFileType = undefined; fileEncoding = 4; includeInIndex = 0; lastKnownFileType = sourcecode.c.h; name = MyPluginScrollView.h; path = "cordova-plugin-googlemaps/MyPluginScrollView.h"; sourceTree = "<group>"; };
		EEE351A201BD40EE9D995CC8 /* GoogleMapsCore.framework */ = {isa = PBXFileReference; explicitFileType = undefined; fileEncoding = 9; includeInIndex = 0; lastKnownFileType = wrapper.framework; name = GoogleMapsCore.framework; path = "VAWE-App/Plugins/com.googlemaps.ios/GoogleMapsCore.framework"; sourceTree = "<group>"; };
		F3D7995151784A728E539E12 /* TileOverlay.m */ = {isa = PBXFileReference; explicitFileType = undefined; fileEncoding = 4; includeInIndex = 0; lastKnownFileType = sourcecode.c.objc; name = TileOverlay.m; path = "cordova-plugin-googlemaps/TileOverlay.m"; sourceTree = "<group>"; };
		F840E1F0165FE0F500CFE078 /* config.xml */ = {isa = PBXFileReference; lastKnownFileType = text.xml; name = config.xml; path = "VAWE-App/config.xml"; sourceTree = "<group>"; };
		FC91B1EA271341C2BFDA2F61 /* CoreText.framework */ = {isa = PBXFileReference; explicitFileType = undefined; fileEncoding = 9; includeInIndex = 0; lastKnownFileType = wrapper.framework; name = CoreText.framework; path = System/Library/Frameworks/CoreText.framework; sourceTree = SDKROOT; };
		FF3C48D55AEE420DBF9B308A /* Circle.m */ = {isa = PBXFileReference; explicitFileType = undefined; fileEncoding = 4; includeInIndex = 0; lastKnownFileType = sourcecode.c.objc; name = Circle.m; path = "cordova-plugin-googlemaps/Circle.m"; sourceTree = "<group>"; };
		97717644BD774F66B21CF78F /* CDVDevice.m */ = {isa = PBXFileReference; name = "CDVDevice.m"; path = "cordova-plugin-device/CDVDevice.m"; sourceTree = "<group>"; fileEncoding = 4; lastKnownFileType = sourcecode.c.objc; explicitFileType = undefined; includeInIndex = 0; };
		B8B47634AB2D42A29AC7C027 /* CDVDevice.h */ = {isa = PBXFileReference; name = "CDVDevice.h"; path = "cordova-plugin-device/CDVDevice.h"; sourceTree = "<group>"; fileEncoding = 4; lastKnownFileType = sourcecode.c.h; explicitFileType = undefined; includeInIndex = 0; };
		960B44169E134D0D98DFCE61 /* AppDelegate+APPAppEvent.m */ = {isa = PBXFileReference; name = "AppDelegate+APPAppEvent.m"; path = "cordova-plugin-app-event/AppDelegate+APPAppEvent.m"; sourceTree = "<group>"; fileEncoding = 4; lastKnownFileType = sourcecode.c.objc; explicitFileType = undefined; includeInIndex = 0; };
		2C87CD066F854C1D93A1061A /* CDVPlugin+APPAppEvent.m */ = {isa = PBXFileReference; name = "CDVPlugin+APPAppEvent.m"; path = "cordova-plugin-app-event/CDVPlugin+APPAppEvent.m"; sourceTree = "<group>"; fileEncoding = 4; lastKnownFileType = sourcecode.c.objc; explicitFileType = undefined; includeInIndex = 0; };
		FC4BCCE852F24CF3ADDFEA0B /* AppDelegate+APPAppEvent.h */ = {isa = PBXFileReference; name = "AppDelegate+APPAppEvent.h"; path = "cordova-plugin-app-event/AppDelegate+APPAppEvent.h"; sourceTree = "<group>"; fileEncoding = 4; lastKnownFileType = sourcecode.c.h; explicitFileType = undefined; includeInIndex = 0; };
		B4FB63B8E4494E4A912E2B58 /* CDVPlugin+APPAppEvent.h */ = {isa = PBXFileReference; name = "CDVPlugin+APPAppEvent.h"; path = "cordova-plugin-app-event/CDVPlugin+APPAppEvent.h"; sourceTree = "<group>"; fileEncoding = 4; lastKnownFileType = sourcecode.c.h; explicitFileType = undefined; includeInIndex = 0; };
		576CCE6C429A43738779E872 /* APPAppEventDelegate.h */ = {isa = PBXFileReference; name = "APPAppEventDelegate.h"; path = "cordova-plugin-app-event/APPAppEventDelegate.h"; sourceTree = "<group>"; fileEncoding = 4; lastKnownFileType = sourcecode.c.h; explicitFileType = undefined; includeInIndex = 0; };
		3A4696B2F9474798AE46021B /* APPLocalNotification.m */ = {isa = PBXFileReference; name = "APPLocalNotification.m"; path = "de.appplant.cordova.plugin.local-notification/APPLocalNotification.m"; sourceTree = "<group>"; fileEncoding = 4; lastKnownFileType = sourcecode.c.objc; explicitFileType = undefined; includeInIndex = 0; };
		99DE84073AF14E8ABE7A2088 /* APPLocalNotificationOptions.m */ = {isa = PBXFileReference; name = "APPLocalNotificationOptions.m"; path = "de.appplant.cordova.plugin.local-notification/APPLocalNotificationOptions.m"; sourceTree = "<group>"; fileEncoding = 4; lastKnownFileType = sourcecode.c.objc; explicitFileType = undefined; includeInIndex = 0; };
		A97706A17416437E8758EE9D /* UIApplication+APPLocalNotification.m */ = {isa = PBXFileReference; name = "UIApplication+APPLocalNotification.m"; path = "de.appplant.cordova.plugin.local-notification/UIApplication+APPLocalNotification.m"; sourceTree = "<group>"; fileEncoding = 4; lastKnownFileType = sourcecode.c.objc; explicitFileType = undefined; includeInIndex = 0; };
		BCAD5E2831FE45048FE63399 /* UILocalNotification+APPLocalNotification.m */ = {isa = PBXFileReference; name = "UILocalNotification+APPLocalNotification.m"; path = "de.appplant.cordova.plugin.local-notification/UILocalNotification+APPLocalNotification.m"; sourceTree = "<group>"; fileEncoding = 4; lastKnownFileType = sourcecode.c.objc; explicitFileType = undefined; includeInIndex = 0; };
		402AD585C1F74E29ADD15A52 /* APPLocalNotification.h */ = {isa = PBXFileReference; name = "APPLocalNotification.h"; path = "de.appplant.cordova.plugin.local-notification/APPLocalNotification.h"; sourceTree = "<group>"; fileEncoding = 4; lastKnownFileType = sourcecode.c.h; explicitFileType = undefined; includeInIndex = 0; };
		B5488C6182194A3DAE9AE7C5 /* APPLocalNotificationOptions.h */ = {isa = PBXFileReference; name = "APPLocalNotificationOptions.h"; path = "de.appplant.cordova.plugin.local-notification/APPLocalNotificationOptions.h"; sourceTree = "<group>"; fileEncoding = 4; lastKnownFileType = sourcecode.c.h; explicitFileType = undefined; includeInIndex = 0; };
		B0EBD56E75BC4549935F7A16 /* UIApplication+APPLocalNotification.h */ = {isa = PBXFileReference; name = "UIApplication+APPLocalNotification.h"; path = "de.appplant.cordova.plugin.local-notification/UIApplication+APPLocalNotification.h"; sourceTree = "<group>"; fileEncoding = 4; lastKnownFileType = sourcecode.c.h; explicitFileType = undefined; includeInIndex = 0; };
		8B0DBE57837949428AA9C994 /* UILocalNotification+APPLocalNotification.h */ = {isa = PBXFileReference; name = "UILocalNotification+APPLocalNotification.h"; path = "de.appplant.cordova.plugin.local-notification/UILocalNotification+APPLocalNotification.h"; sourceTree = "<group>"; fileEncoding = 4; lastKnownFileType = sourcecode.c.h; explicitFileType = undefined; includeInIndex = 0; };
/* End PBXFileReference section */

/* Begin PBXFrameworksBuildPhase section */
		1D60588F0D05DD3D006BFB54 /* Frameworks */ = {
			isa = PBXFrameworksBuildPhase;
			buildActionMask = 2147483647;
			files = (
				301BF552109A68D80062928A /* libCordova.a in Frameworks */,
				1A79148A8C9F472383D64CAD /* Accelerate.framework in Frameworks */,
				5D9FCC95285A4310945BCA9A /* CoreData.framework in Frameworks */,
				AAB578CBDB054A149BABD8B8 /* CoreLocation.framework in Frameworks */,
				BA34FEBFE15F4C4B98AF6E68 /* CoreText.framework in Frameworks */,
				4152CF9EC07C493A8B0817C8 /* GLKit.framework in Frameworks */,
				B50C043FF78A4DC4BBC8468A /* ImageIO.framework in Frameworks */,
				922C79996276404F93738166 /* libc++.tbd in Frameworks */,
				5DB643DC388443108663DDF4 /* libz.tbd in Frameworks */,
				59076DF5EF74453ABD8D41E3 /* OpenGLES.framework in Frameworks */,
				038AA3D05FB441CCBC59CDC3 /* QuartzCore.framework in Frameworks */,
				FC8C1CA4E3F843B3A83EEFC4 /* SystemConfiguration.framework in Frameworks */,
				BEA77C2D66F2473C86241462 /* UIKit.framework in Frameworks */,
				948B183CD3A64C918AB851EB /* GoogleMapsBase.framework in Frameworks */,
				106267EA0F6A494191B7940B /* GoogleMaps.framework in Frameworks */,
				9B04D6A06E8E4BFF86D9D4CF /* GoogleMapsCore.framework in Frameworks */,
				C27FEF61E500417B9DD2EDD9 /* Security.framework in Frameworks */,
				E0E560C0BB6F423DAF8C273F /* Foundation.framework in Frameworks */,
				D471DF7352C649B9AF6AB4DC /* LocalAuthentication.framework in Frameworks */,
			);
			runOnlyForDeploymentPostprocessing = 0;
		};
/* End PBXFrameworksBuildPhase section */

/* Begin PBXGroup section */
		080E96DDFE201D6D7F000001 /* Classes */ = {
			isa = PBXGroup;
			children = (
				302D95EE14D2391D003F00A1 /* MainViewController.h */,
				302D95EF14D2391D003F00A1 /* MainViewController.m */,
				302D95F014D2391D003F00A1 /* MainViewController.xib */,
				1D3623240D0F684500981E51 /* AppDelegate.h */,
				1D3623250D0F684500981E51 /* AppDelegate.m */,
			);
			name = Classes;
			path = "VAWE-App/Classes";
			sourceTree = SOURCE_ROOT;
		};
		19C28FACFE9D520D11CA2CBB /* Products */ = {
			isa = PBXGroup;
			children = (
				1D6058910D05DD3D006BFB54 /* VAWE-App.app */,
			);
			name = Products;
			sourceTree = "<group>";
		};
		29B97314FDCFA39411CA2CEA /* CustomTemplate */ = {
			isa = PBXGroup;
			children = (
				EB87FDF41871DAF40020F90C /* config.xml */,
				EB87FDF31871DA8E0020F90C /* www */,
				EB87FDF11871DA420020F90C /* Staging */,
				301BF52D109A57CC0062928A /* CordovaLib.xcodeproj */,
				080E96DDFE201D6D7F000001 /* Classes */,
				307C750510C5A3420062BCA9 /* Plugins */,
				29B97315FDCFA39411CA2CEA /* Other Sources */,
				29B97317FDCFA39411CA2CEA /* Resources */,
				29B97323FDCFA39411CA2CEA /* Frameworks */,
				19C28FACFE9D520D11CA2CBB /* Products */,
			);
			name = CustomTemplate;
			sourceTree = "<group>";
		};
		29B97315FDCFA39411CA2CEA /* Other Sources */ = {
			isa = PBXGroup;
			children = (
				32CA4F630368D1EE00C91783 /* VAWE-App-Prefix.pch */,
				29B97316FDCFA39411CA2CEA /* main.m */,
				ED33DF2A687741AEAF9F8254 /* Bridging-Header.h */,
			);
			name = "Other Sources";
			path = "VAWE-App";
			sourceTree = "<group>";
		};
		29B97317FDCFA39411CA2CEA /* Resources */ = {
			isa = PBXGroup;
			children = (
				0207DA571B56EA530066E2B4 /* Images.xcassets */,
				3047A50E1AB8057F00498E2A /* config */,
				8D1107310486CEB800E47090 /* VAWE-App-Info.plist */,
				6AFF5BF81D6E424B00AB3073 /* CDVLaunchScreen.storyboard */,
				0498CF640D394A86B3FD2D3E /* GoogleMaps.bundle */,
			);
			name = Resources;
			path = "VAWE-App/Resources";
			sourceTree = "<group>";
		};
		29B97323FDCFA39411CA2CEA /* Frameworks */ = {
			isa = PBXGroup;
			children = (
				8BDB26E0B2F342F8B522145F /* Accelerate.framework */,
				784FDDB35DF446C8AB9EAA64 /* CoreData.framework */,
				BBB53D2E7D2540F2B0F0C042 /* CoreLocation.framework */,
				FC91B1EA271341C2BFDA2F61 /* CoreText.framework */,
				5A0EC90D9CED476A8720ABED /* GLKit.framework */,
				332352ADD1CB49DE9C4D3C21 /* ImageIO.framework */,
				DD316F3A3DB5421A92B7B09D /* libc++.tbd */,
				13D6C8ED5C524F66924F836C /* libz.tbd */,
				7259AEC38FBA4349B8DC99DA /* OpenGLES.framework */,
				A500F51F0FEE4516BBB6BBAD /* QuartzCore.framework */,
				0E6C171D084E44A1BD78D8BA /* SystemConfiguration.framework */,
				A8B47F712DBA4FFCAD8385EC /* UIKit.framework */,
				A3AAB5A7FC674209A0A367FB /* GoogleMapsBase.framework */,
				3B4CFCB082EA402A809F92EF /* GoogleMaps.framework */,
				EEE351A201BD40EE9D995CC8 /* GoogleMapsCore.framework */,
				7124C44209064AEAA9A45CDC /* Security.framework */,
				243793529765445E88FFC3EF /* Foundation.framework */,
				818B39AC9E4A42B488B42294 /* LocalAuthentication.framework */,
			);
			name = Frameworks;
			sourceTree = "<group>";
		};
		301BF52E109A57CC0062928A /* Products */ = {
			isa = PBXGroup;
			children = (
				301BF535109A57CC0062928A /* libCordova.a */,
			);
			name = Products;
			sourceTree = "<group>";
		};
		3047A50E1AB8057F00498E2A /* config */ = {
			isa = PBXGroup;
			children = (
				3047A50F1AB8059700498E2A /* build-debug.xcconfig */,
				3047A5101AB8059700498E2A /* build-release.xcconfig */,
				3047A5111AB8059700498E2A /* build.xcconfig */,
			);
			name = config;
			sourceTree = "<group>";
		};
		307C750510C5A3420062BCA9 /* Plugins */ = {
			isa = PBXGroup;
			children = (
				FF3C48D55AEE420DBF9B308A /* Circle.m */,
				4B005E1123B945F49CFB23CF /* External.m */,
				5BD833A4E3124DA29F87E5C3 /* Geocoder.m */,
				3350F54517F841CF9588AD90 /* GoogleMaps.m */,
				00963E4DC45343B9A263660E /* GoogleMapsViewController.m */,
				6FB9F02CE96144BD98004397 /* GroundOverlay.m */,
				5A9BE0FC56F04887A0818AA5 /* KmlOverlay.m */,
				758D8093A28249C4AB5C9F65 /* Map.m */,
				B810F203B917439B86BBADC1 /* Marker.m */,
				4A3B751C3ECD441EB578D9F4 /* PluginUtil.m */,
				D8212A4389BC4751A56CD39D /* Polygon.m */,
				328E489F497E4567AA61C3F8 /* Polyline.m */,
				E3B688F071434EFCB42F0689 /* TBXML.m */,
				F3D7995151784A728E539E12 /* TileOverlay.m */,
				538A0FFB647440849060C571 /* NSData+Base64.m */,
				C44A486F713B42548CE4763A /* GMSCoordinateBounds+Geometry.m */,
				E26EE673F329450E93D845AC /* MyPluginLayer.m */,
				DCDDFCD76F6342C183C4DB06 /* MyReachability.m */,
				C4D335D2E6AD4C71862345A9 /* MyPluginLayerDebugView.m */,
				3DD7F3AB00074CCFBA8AA24B /* MyPluginScrollView.m */,
				C040868521D648B69FD7919E /* Circle.h */,
				E6A46197DF804C6083A135D9 /* External.h */,
				CDD3D80578424BF69E21AB92 /* Geocoder.h */,
				295C2F88805449A1B15A41F9 /* GoogleMaps.h */,
				3522FFCAD24948B782228059 /* GoogleMapsViewController.h */,
				6053E38ED0E147BB8D9BF9FC /* GroundOverlay.h */,
				E3E4976F7CFB4D9CB32066A7 /* KmlOverlay.h */,
				8A050D6521A04EDF946F1C30 /* Map.h */,
				6A5EF84A7F764AD795CB2EE7 /* Marker.h */,
				2668ADD1679E4FDEA15DDF50 /* MyPlgunProtocol.h */,
				4C51B21AEE0B495CB717D4A9 /* PluginUtil.h */,
				4FB19C2DBD71433D944C95B7 /* Polygon.h */,
				DDBC255FA282439980CDF488 /* Polyline.h */,
				8881134CAF9149D2AF7D5E29 /* TBXML.h */,
				230D63EEBFE34BB297C331FD /* TileOverlay.h */,
				B387AECB013544358DFEEE0A /* NSData+Base64.h */,
				6030F6BB103F4FE1BF2725E5 /* NSData+Base64.podspec */,
				ED66E4E210044FD1AF467CF5 /* GMSCoordinateBounds+Geometry.h */,
				1C6C763768B148D9B636EB68 /* MyPluginLayer.h */,
				37A0B0B634544F929648C2F3 /* MyReachability.h */,
				351FAC3FC4DE4E34AD4AEFA0 /* MyPluginLayerDebugView.h */,
				EDE446FA3167479FAAC391C3 /* MyPluginScrollView.h */,
				90FD1DA17EA24F2AA8BB387D /* CDVStatusBar.m */,
				EDCD6D6F9C0A413FABA3C082 /* CDVStatusBar.h */,
				3104415023654A9B891011BE /* KeychainWrapper.m */,
				8162DD5D3BC448A5AEAC7D77 /* TouchID.m */,
				D84DF23845C84203B515C8C0 /* KeychainWrapper.h */,
				5C3C6A8CD13A412797F48234 /* TouchID.h */,
				97717644BD774F66B21CF78F /* CDVDevice.m */,
				B8B47634AB2D42A29AC7C027 /* CDVDevice.h */,
				960B44169E134D0D98DFCE61 /* AppDelegate+APPAppEvent.m */,
				2C87CD066F854C1D93A1061A /* CDVPlugin+APPAppEvent.m */,
				FC4BCCE852F24CF3ADDFEA0B /* AppDelegate+APPAppEvent.h */,
				B4FB63B8E4494E4A912E2B58 /* CDVPlugin+APPAppEvent.h */,
				576CCE6C429A43738779E872 /* APPAppEventDelegate.h */,
				3A4696B2F9474798AE46021B /* APPLocalNotification.m */,
				99DE84073AF14E8ABE7A2088 /* APPLocalNotificationOptions.m */,
				A97706A17416437E8758EE9D /* UIApplication+APPLocalNotification.m */,
				BCAD5E2831FE45048FE63399 /* UILocalNotification+APPLocalNotification.m */,
				402AD585C1F74E29ADD15A52 /* APPLocalNotification.h */,
				B5488C6182194A3DAE9AE7C5 /* APPLocalNotificationOptions.h */,
				B0EBD56E75BC4549935F7A16 /* UIApplication+APPLocalNotification.h */,
				8B0DBE57837949428AA9C994 /* UILocalNotification+APPLocalNotification.h */,
			);
			name = Plugins;
			path = "VAWE-App/Plugins";
			sourceTree = SOURCE_ROOT;
		};
		EB87FDF11871DA420020F90C /* Staging */ = {
			isa = PBXGroup;
			children = (
				F840E1F0165FE0F500CFE078 /* config.xml */,
				301BF56E109A69640062928A /* www */,
			);
			name = Staging;
			sourceTree = "<group>";
		};
/* End PBXGroup section */

/* Begin PBXNativeTarget section */
		1D6058900D05DD3D006BFB54 /* VAWE-App */ = {
			isa = PBXNativeTarget;
			buildConfigurationList = 1D6058960D05DD3E006BFB54 /* Build configuration list for PBXNativeTarget "VAWE-App" */;
			buildPhases = (
				304B58A110DAC018002A0835 /* Copy www directory */,
				1D60588D0D05DD3D006BFB54 /* Resources */,
				1D60588E0D05DD3D006BFB54 /* Sources */,
				1D60588F0D05DD3D006BFB54 /* Frameworks */,
			);
			buildRules = (
			);
			dependencies = (
				301BF551109A68C00062928A /* PBXTargetDependency */,
			);
			name = "VAWE-App";
			productName = "VAWE-App";
			productReference = 1D6058910D05DD3D006BFB54 /* VAWE-App.app */;
			productType = "com.apple.product-type.application";
		};
/* End PBXNativeTarget section */

/* Begin PBXProject section */
		29B97313FDCFA39411CA2CEA /* Project object */ = {
			isa = PBXProject;
			attributes = {
				LastUpgradeCheck = 510;
				TargetAttributes = {
					1D6058900D05DD3D006BFB54 = {
						DevelopmentTeam = ZJ5PGZX3G3;
					};
				};
			};
			buildConfigurationList = C01FCF4E08A954540054247B /* Build configuration list for PBXProject "VAWE-App" */;
			compatibilityVersion = "Xcode 3.2";
			developmentRegion = English;
			hasScannedForEncodings = 1;
			knownRegions = (
				en,
			);
			mainGroup = 29B97314FDCFA39411CA2CEA /* CustomTemplate */;
			projectDirPath = "";
			projectReferences = (
				{
					ProductGroup = 301BF52E109A57CC0062928A /* Products */;
					ProjectRef = 301BF52D109A57CC0062928A /* CordovaLib.xcodeproj */;
				},
			);
			projectRoot = "";
			targets = (
				1D6058900D05DD3D006BFB54 /* VAWE-App */,
			);
		};
/* End PBXProject section */

/* Begin PBXReferenceProxy section */
		301BF535109A57CC0062928A /* libCordova.a */ = {
			isa = PBXReferenceProxy;
			fileType = archive.ar;
			path = libCordova.a;
			remoteRef = 301BF534109A57CC0062928A /* PBXContainerItemProxy */;
			sourceTree = BUILT_PRODUCTS_DIR;
		};
/* End PBXReferenceProxy section */

/* Begin PBXResourcesBuildPhase section */
		1D60588D0D05DD3D006BFB54 /* Resources */ = {
			isa = PBXResourcesBuildPhase;
			buildActionMask = 2147483647;
			files = (
				302D95F214D2391D003F00A1 /* MainViewController.xib in Resources */,
				0207DA581B56EA530066E2B4 /* Images.xcassets in Resources */,
				6AFF5BF91D6E424B00AB3073 /* CDVLaunchScreen.storyboard in Resources */,
				A2FA9909780F4165A8EFD177 /* GoogleMaps.bundle in Resources */,
			);
			runOnlyForDeploymentPostprocessing = 0;
		};
/* End PBXResourcesBuildPhase section */

/* Begin PBXShellScriptBuildPhase section */
		304B58A110DAC018002A0835 /* Copy www directory */ = {
			isa = PBXShellScriptBuildPhase;
			buildActionMask = 2147483647;
			files = (
			);
			inputPaths = (
			);
			name = "Copy www directory";
			outputPaths = (
			);
			runOnlyForDeploymentPostprocessing = 0;
			shellPath = /bin/sh;
			shellScript = "NODEJS_PATH=/usr/local/bin; NVM_NODE_PATH=~/.nvm/versions/node/`nvm version 2>/dev/null`/bin; N_NODE_PATH=`find /usr/local/n/versions/node/* -maxdepth 0 -type d 2>/dev/null | tail -1`/bin; XCODE_NODE_PATH=`xcode-select --print-path`/usr/share/xcs/Node/bin; PATH=$NODEJS_PATH:$NVM_NODE_PATH:$N_NODE_PATH:$XCODE_NODE_PATH:$PATH && node cordova/lib/copy-www-build-step.js";
			showEnvVarsInLog = 0;
		};
/* End PBXShellScriptBuildPhase section */

/* Begin PBXSourcesBuildPhase section */
		1D60588E0D05DD3D006BFB54 /* Sources */ = {
			isa = PBXSourcesBuildPhase;
			buildActionMask = 2147483647;
			files = (
				1D60589B0D05DD56006BFB54 /* main.m in Sources */,
				1D3623260D0F684500981E51 /* AppDelegate.m in Sources */,
				302D95F114D2391D003F00A1 /* MainViewController.m in Sources */,
				B38D7C250D704B43A17ECCB2 /* Circle.m in Sources */,
				73B727CCBC7A4FEB93F50138 /* External.m in Sources */,
				E5E8BEF4518C43E2A28886BD /* Geocoder.m in Sources */,
				2A77D25A6C0C432D81C9CCFB /* GoogleMaps.m in Sources */,
				173F4311E7364888B09E55BA /* GoogleMapsViewController.m in Sources */,
				764A11A4642C45039DEB7237 /* GroundOverlay.m in Sources */,
				4E0644E0EBA14E30853B201B /* KmlOverlay.m in Sources */,
				D6F769B37581432C8A88884C /* Map.m in Sources */,
				7C510E50B4E044CCAB92E60F /* Marker.m in Sources */,
				1A55347A7A2F4D7CA1DD95F9 /* PluginUtil.m in Sources */,
				031ACB67D89B43768565F8AA /* Polygon.m in Sources */,
				1CBBDDF043D445A998AF9D38 /* Polyline.m in Sources */,
				39902612A2B943F58164AC58 /* TBXML.m in Sources */,
				64CD3F7662F84750984274B5 /* TileOverlay.m in Sources */,
				FC8F13B3E74045BD8AB0F0A8 /* NSData+Base64.m in Sources */,
				0C03AABAB3E64A66ABCF0906 /* GMSCoordinateBounds+Geometry.m in Sources */,
				35BEC760DE414CF28DD6958C /* MyPluginLayer.m in Sources */,
				B17C4F04B3D447B6B7415341 /* MyReachability.m in Sources */,
				EAC58C2080AD48F08BC281A5 /* MyPluginLayerDebugView.m in Sources */,
				D4993C82BC3E441DBF614D07 /* MyPluginScrollView.m in Sources */,
				857D4930CF7E445897DF5C40 /* CDVStatusBar.m in Sources */,
				53CFD877E0F8420EA9EC83A4 /* KeychainWrapper.m in Sources */,
				8D59B02478014C6B9C39E9FE /* TouchID.m in Sources */,
				C39D6A4039E9428FA7C2B991 /* CDVDevice.m in Sources */,
				A11EE24426F641BD82291C31 /* AppDelegate+APPAppEvent.m in Sources */,
				891A53FBAD93442382B0F0EB /* CDVPlugin+APPAppEvent.m in Sources */,
				DF9120021A8E4FBA8B85A12E /* APPLocalNotification.m in Sources */,
				A2314AD668994A5A958AD114 /* APPLocalNotificationOptions.m in Sources */,
				29FC47946DCC4975AED3B794 /* UIApplication+APPLocalNotification.m in Sources */,
				B87C51D28B214D07A9B201DC /* UILocalNotification+APPLocalNotification.m in Sources */,
			);
			runOnlyForDeploymentPostprocessing = 0;
		};
/* End PBXSourcesBuildPhase section */

/* Begin PBXTargetDependency section */
		301BF551109A68C00062928A /* PBXTargetDependency */ = {
			isa = PBXTargetDependency;
			name = CordovaLib;
			targetProxy = 301BF550109A68C00062928A /* PBXContainerItemProxy */;
		};
/* End PBXTargetDependency section */

/* Begin XCBuildConfiguration section */
		1D6058940D05DD3E006BFB54 /* Debug */ = {
			isa = XCBuildConfiguration;
			baseConfigurationReference = 3047A50F1AB8059700498E2A /* build-debug.xcconfig */;
			buildSettings = {
				ALWAYS_SEARCH_USER_PATHS = NO;
				ASSETCATALOG_COMPILER_APPICON_NAME = AppIcon;
				ASSETCATALOG_COMPILER_LAUNCHIMAGE_NAME = LaunchImage;
				CLANG_ENABLE_MODULES = YES;
				CLANG_ENABLE_OBJC_ARC = YES;
				COPY_PHASE_STRIP = NO;
				DEVELOPMENT_TEAM = ZJ5PGZX3G3;
				FRAMEWORK_SEARCH_PATHS = (
					"$(inherited)",
					"\"VAWE-App/Plugins/com.googlemaps.ios\"",
					"\"VAWE-App/Plugins/com.googlemaps.ios\"",
					"\"VAWE-App/Plugins/com.googlemaps.ios\"",
				);
				GCC_DYNAMIC_NO_PIC = NO;
				GCC_OPTIMIZATION_LEVEL = 0;
				GCC_PRECOMPILE_PREFIX_HEADER = YES;
				GCC_PREFIX_HEADER = "VAWE-App/VAWE-App-Prefix.pch";
				GCC_THUMB_SUPPORT = NO;
				GCC_VERSION = "";
				INFOPLIST_FILE = "VAWE-App/VAWE-App-Info.plist";
				IPHONEOS_DEPLOYMENT_TARGET = 8.0;
				LD_RUNPATH_SEARCH_PATHS = "@executable_path/Frameworks";
				PRODUCT_NAME = "VAWE-App";
				TARGETED_DEVICE_FAMILY = "1,2";
			};
			name = Debug;
		};
		1D6058950D05DD3E006BFB54 /* Release */ = {
			isa = XCBuildConfiguration;
			baseConfigurationReference = 3047A5101AB8059700498E2A /* build-release.xcconfig */;
			buildSettings = {
				ALWAYS_SEARCH_USER_PATHS = NO;
				ASSETCATALOG_COMPILER_APPICON_NAME = AppIcon;
				ASSETCATALOG_COMPILER_LAUNCHIMAGE_NAME = LaunchImage;
				CLANG_ENABLE_MODULES = YES;
				CLANG_ENABLE_OBJC_ARC = YES;
				COPY_PHASE_STRIP = YES;
				DEVELOPMENT_TEAM = ZJ5PGZX3G3;
				FRAMEWORK_SEARCH_PATHS = (
					"$(inherited)",
					"\"VAWE-App/Plugins/com.googlemaps.ios\"",
					"\"VAWE-App/Plugins/com.googlemaps.ios\"",
					"\"VAWE-App/Plugins/com.googlemaps.ios\"",
				);
				GCC_PRECOMPILE_PREFIX_HEADER = YES;
				GCC_PREFIX_HEADER = "VAWE-App/VAWE-App-Prefix.pch";
				GCC_THUMB_SUPPORT = NO;
				GCC_VERSION = "";
				INFOPLIST_FILE = "VAWE-App/VAWE-App-Info.plist";
				IPHONEOS_DEPLOYMENT_TARGET = 8.0;
				LD_RUNPATH_SEARCH_PATHS = "@executable_path/Frameworks";
				PRODUCT_NAME = "VAWE-App";
				TARGETED_DEVICE_FAMILY = "1,2";
			};
			name = Release;
		};
		C01FCF4F08A954540054247B /* Debug */ = {
			isa = XCBuildConfiguration;
			baseConfigurationReference = 3047A5111AB8059700498E2A /* build.xcconfig */;
			buildSettings = {
				CLANG_ENABLE_MODULES = YES;
				CLANG_ENABLE_OBJC_ARC = YES;
				CLANG_WARN_BOOL_CONVERSION = YES;
				CLANG_WARN_CONSTANT_CONVERSION = YES;
				CLANG_WARN_EMPTY_BODY = YES;
				CLANG_WARN_ENUM_CONVERSION = YES;
				CLANG_WARN_INT_CONVERSION = YES;
				CLANG_WARN__DUPLICATE_METHOD_MATCH = YES;
				GCC_C_LANGUAGE_STANDARD = c99;
				GCC_THUMB_SUPPORT = NO;
				GCC_VERSION = "";
				GCC_WARN_ABOUT_RETURN_TYPE = YES;
				GCC_WARN_UNDECLARED_SELECTOR = YES;
				GCC_WARN_UNINITIALIZED_AUTOS = YES;
				GCC_WARN_UNUSED_FUNCTION = YES;
				GCC_WARN_UNUSED_VARIABLE = YES;
				ONLY_ACTIVE_ARCH = YES;
				SDKROOT = iphoneos;
				SKIP_INSTALL = NO;
			};
			name = Debug;
		};
		C01FCF5008A954540054247B /* Release */ = {
			isa = XCBuildConfiguration;
			baseConfigurationReference = 3047A5111AB8059700498E2A /* build.xcconfig */;
			buildSettings = {
				CLANG_ENABLE_MODULES = YES;
				CLANG_ENABLE_OBJC_ARC = YES;
				CLANG_WARN_BOOL_CONVERSION = YES;
				CLANG_WARN_CONSTANT_CONVERSION = YES;
				CLANG_WARN_EMPTY_BODY = YES;
				CLANG_WARN_ENUM_CONVERSION = YES;
				CLANG_WARN_INT_CONVERSION = YES;
				CLANG_WARN__DUPLICATE_METHOD_MATCH = YES;
				GCC_C_LANGUAGE_STANDARD = c99;
				GCC_THUMB_SUPPORT = NO;
				GCC_VERSION = "";
				GCC_WARN_ABOUT_RETURN_TYPE = YES;
				GCC_WARN_UNDECLARED_SELECTOR = YES;
				GCC_WARN_UNINITIALIZED_AUTOS = YES;
				GCC_WARN_UNUSED_FUNCTION = YES;
				GCC_WARN_UNUSED_VARIABLE = YES;
				SDKROOT = iphoneos;
				SKIP_INSTALL = NO;
			};
			name = Release;
		};
/* End XCBuildConfiguration section */

/* Begin XCConfigurationList section */
		1D6058960D05DD3E006BFB54 /* Build configuration list for PBXNativeTarget "VAWE-App" */ = {
			isa = XCConfigurationList;
			buildConfigurations = (
				1D6058940D05DD3E006BFB54 /* Debug */,
				1D6058950D05DD3E006BFB54 /* Release */,
			);
			defaultConfigurationIsVisible = 0;
			defaultConfigurationName = Release;
		};
		C01FCF4E08A954540054247B /* Build configuration list for PBXProject "VAWE-App" */ = {
			isa = XCConfigurationList;
			buildConfigurations = (
				C01FCF4F08A954540054247B /* Debug */,
				C01FCF5008A954540054247B /* Release */,
			);
			defaultConfigurationIsVisible = 0;
			defaultConfigurationName = Release;
		};
/* End XCConfigurationList section */
	};
	rootObject = 29B97313FDCFA39411CA2CEA /* Project object */;
}
